
Microsoft Visual Studio Solution File, Format Version 12.00
# Visual Studio 2012
Project("{FAE04EC0-301F-11D3-BF4B-00C04F79EFBC}") = "DBManualConnection", "DBManualConnection\DBManualConnection.csproj", "{BDC5FF6C-825B-4715-8B93-2947A5C94639}"
EndProject
Global
	GlobalSection(SolutionConfigurationPlatforms) = preSolution
		Debug|Any CPU = Debug|Any CPU
		Release|Any CPU = Release|Any CPU
	EndGlobalSection
	GlobalSection(ProjectConfigurationPlatforms) = postSolution
		{BDC5FF6C-825B-4715-8B93-2947A5C94639}.Debug|Any CPU.ActiveCfg = Debug|Any CPU
		{BDC5FF6C-825B-4715-8B93-2947A5C94639}.Debug|Any CPU.Build.0 = Debug|Any CPU
		{BDC5FF6C-825B-4715-8B93-2947A5C94639}.Release|Any CPU.ActiveCfg = Release|Any CPU
		{BDC5FF6C-825B-4715-8B93-2947A5C94639}.Release|Any CPU.Build.0 = Release|Any CPU
	EndGlobalSection
	GlobalSection(SolutionProperties) = preSolution
		HideSolutionNode = FALSE
	EndGlobalSection
EndGlobal
