
Microsoft Visual Studio Solution File, Format Version 12.00
# Visual Studio 15
VisualStudioVersion = 15.0.28307.421
MinimumVisualStudioVersion = 10.0.40219.1
Project("{FAE04EC0-301F-11D3-BF4B-00C04F79EFBC}") = "Practica_008", "Practica_008\Practica_008.csproj", "{D585DCEA-0A3A-4356-91B6-5AEBA4FFFBE9}"
EndProject
Global
	GlobalSection(SolutionConfigurationPlatforms) = preSolution
		Debug|Any CPU = Debug|Any CPU
		Release|Any CPU = Release|Any CPU
	EndGlobalSection
	GlobalSection(ProjectConfigurationPlatforms) = postSolution
		{D585DCEA-0A3A-4356-91B6-5AEBA4FFFBE9}.Debug|Any CPU.ActiveCfg = Debug|Any CPU
		{D585DCEA-0A3A-4356-91B6-5AEBA4FFFBE9}.Debug|Any CPU.Build.0 = Debug|Any CPU
		{D585DCEA-0A3A-4356-91B6-5AEBA4FFFBE9}.Release|Any CPU.ActiveCfg = Release|Any CPU
		{D585DCEA-0A3A-4356-91B6-5AEBA4FFFBE9}.Release|Any CPU.Build.0 = Release|Any CPU
	EndGlobalSection
	GlobalSection(SolutionProperties) = preSolution
		HideSolutionNode = FALSE
	EndGlobalSection
	GlobalSection(ExtensibilityGlobals) = postSolution
		SolutionGuid = {A94889A7-2A55-42EE-B454-79DE06ADBC1B}
	EndGlobalSection
EndGlobal
